<?xml version="1.0" encoding="utf-8"?>
<Project ToolsVersion="4.0" xmlns="http://schemas.microsoft.com/developer/msbuild/2003">
  <ItemGroup>
    <Filter Include="Header">
      <UniqueIdentifier>{93995380-89BD-4b04-88EB-625FBE52EBFB}</UniqueIdentifier>
      <Extensions>h;hh;hpp;hxx;h++;hm;inl;inc;ipp;xsd</Extensions>
    </Filter>
    <Filter Include="Source">
      <UniqueIdentifier>{4FC737F1-C7A5-4376-A066-2A32D752A2FF}</UniqueIdentifier>
      <Extensions>cpp;c;cc;cxx;c++;cppm;ixx;def;odl;idl;hpj;bat;asm;asmx</Extensions>
    </Filter>
    <Filter Include="Resourse">
      <UniqueIdentifier>{67DA6AB6-F800-4c08-8B7A-83BB121AAD01}</UniqueIdentifier>
      <Extensions>rc;ico;cur;bmp;dlg;rc2;rct;bin;rgs;gif;jpg;jpeg;jpe;resx;tiff;tif;png;wav;mfcribbon-ms</Extensions>
    </Filter>
    <Filter Include="Source\block">
      <UniqueIdentifier>{57ea1d32-1f97-41fb-a0fb-5327e05eddb8}</UniqueIdentifier>
    </Filter>
    <Filter Include="Source\item">
      <UniqueIdentifier>{734da69a-0295-406a-acad-d0d36e085f55}</UniqueIdentifier>
    </Filter>
    <Filter Include="Source\biome">
      <UniqueIdentifier>{12bc0780-b619-4bf4-95be-c1b79e5a4cf8}</UniqueIdentifier>
    </Filter>
  </ItemGroup>
  <ItemGroup>
    <ClInclude Include="framework.h">
      <Filter>Header</Filter>
    </ClInclude>
    <ClInclude Include="pch.h">
      <Filter>Header</Filter>
    </ClInclude>
    <ClInclude Include="resource.h">
      <Filter>Resourse</Filter>
    </ClInclude>
    <ClInclude Include="Version.h">
      <Filter>Source</Filter>
    </ClInclude>
  </ItemGroup>
  <ItemGroup>
    <ClCompile Include="dllmain.cpp">
      <Filter>Source</Filter>
    </ClCompile>
    <ClCompile Include="pch.cpp">
      <Filter>Source</Filter>
    </ClCompile>
    <ClCompile Include="get_file.hpp">
      <Filter>Source</Filter>
    </ClCompile>
    <ClCompile Include="block_alias.cpp">
      <Filter>Source\block</Filter>
    </ClCompile>
    <ClCompile Include="block_data.cpp">
      <Filter>Source\block</Filter>
    </ClCompile>
    <ClCompile Include="item_alias.cpp">
      <Filter>Source\item</Filter>
    </ClCompile>
    <ClCompile Include="get_file.cpp">
      <Filter>Source</Filter>
    </ClCompile>
    <ClCompile Include="biome_map.cpp">
      <Filter>Source\biome</Filter>
    </ClCompile>
    <ClCompile Include="block_version.cpp">
      <Filter>Source\block</Filter>
    </ClCompile>
  </ItemGroup>
  <ItemGroup>
    <ResourceCompile Include="Resource.rc">
      <Filter>Resourse</Filter>
    </ResourceCompile>
  </ItemGroup>
</Project>